{
  "name": "mipssimulator",
  "version": "1.0.0",
  "lockfileVersion": 1,
  "requires": true,
  "dependencies": {
    "splash-screen": {
      "version": "3.0.1",
      "resolved": "https://registry.npmjs.org/splash-screen/-/splash-screen-3.0.1.tgz",
      "integrity": "sha1-HLTb4hAuJTGeINAz6SZP3NqXo9I="
    },
    "typescript-collections": {
      "version": "file:typescript-collections",
      "integrity": "sha1-738b8zkqZiwsAOjCwDOBoAHgKVU="
    }
  }
}
